Microsoft Visual Studio Solution File, Format Version 12.00
# Visual Studio Version 17
VisualStudioVersion = 17.14.35906.104
MinimumVisualStudioVersion = 10.0.40219.1
Project("{FAE04EC0-301F-11D3-BF4B-00C04F79EFBC}") = "OTAssessment", "OTAssessment\OTAssessment.csproj", "{4E93421F-6876-4839-AABA-5F3E508D0A3B}"
EndProject
Project("{E53339B2-1760-4266-BCC7-CA923CBCF16C}") = "docker-compose", "docker-compose.dcproj", "{81DDED9D-158B-E303-5F62-77A2896D2A5A}"
EndProject
Project("{FAE04EC0-301F-11D3-BF4B-00C04F79EFBC}") = "OTAssessment.Database", "..\OTAssessment.Database\OTAssessment.Database.csproj", "{4A05A023-912F-424D-B4AF-E9716D16FAB9}"
EndProject
Project("{FAE04EC0-301F-11D3-BF4B-00C04F79EFBC}") = "OTAssessment.Tests", "..\OTAssessment.Tests\OTAssessment.Tests.csproj", "{5D029583-750E-43C6-A11C-D0D5014D70B5}"
EndProject
Global
	GlobalSection(SolutionConfigurationPlatforms) = preSolution
		Debug|Any CPU = Debug|Any CPU
		Release|Any CPU = Release|Any CPU
	EndGlobalSection
	GlobalSection(ProjectConfigurationPlatforms) = postSolution
		{4E93421F-6876-4839-AABA-5F3E508D0A3B}.Debug|Any CPU.ActiveCfg = Debug|Any CPU
		{4E93421F-6876-4839-AABA-5F3E508D0A3B}.Debug|Any CPU.Build.0 = Debug|Any CPU
		{4E93421F-6876-4839-AABA-5F3E508D0A3B}.Release|Any CPU.ActiveCfg = Release|Any CPU
		{4E93421F-6876-4839-AABA-5F3E508D0A3B}.Release|Any CPU.Build.0 = Release|Any CPU
		{81DDED9D-158B-E303-5F62-77A2896D2A5A}.Debug|Any CPU.ActiveCfg = Debug|Any CPU
		{81DDED9D-158B-E303-5F62-77A2896D2A5A}.Debug|Any CPU.Build.0 = Debug|Any CPU
		{81DDED9D-158B-E303-5F62-77A2896D2A5A}.Release|Any CPU.ActiveCfg = Release|Any CPU
		{81DDED9D-158B-E303-5F62-77A2896D2A5A}.Release|Any CPU.Build.0 = Release|Any CPU
		{4A05A023-912F-424D-B4AF-E9716D16FAB9}.Debug|Any CPU.ActiveCfg = Debug|Any CPU
		{4A05A023-912F-424D-B4AF-E9716D16FAB9}.Debug|Any CPU.Build.0 = Debug|Any CPU
		{4A05A023-912F-424D-B4AF-E9716D16FAB9}.Release|Any CPU.ActiveCfg = Release|Any CPU
		{4A05A023-912F-424D-B4AF-E9716D16FAB9}.Release|Any CPU.Build.0 = Release|Any CPU
		{5D029583-750E-43C6-A11C-D0D5014D70B5}.Debug|Any CPU.ActiveCfg = Debug|Any CPU
		{5D029583-750E-43C6-A11C-D0D5014D70B5}.Debug|Any CPU.Build.0 = Debug|Any CPU
		{5D029583-750E-43C6-A11C-D0D5014D70B5}.Release|Any CPU.ActiveCfg = Release|Any CPU
		{5D029583-750E-43C6-A11C-D0D5014D70B5}.Release|Any CPU.Build.0 = Release|Any CPU
	EndGlobalSection
	GlobalSection(SolutionProperties) = preSolution
		HideSolutionNode = FALSE
	EndGlobalSection
	GlobalSection(ExtensibilityGlobals) = postSolution
		SolutionGuid = {48D6736D-F902-402F-8F52-9DB3D0C83124}
	EndGlobalSection
EndGlobal
